
Microsoft Visual Studio Solution File, Format Version 9.00
# Visual Studio 2005
Project("{FAE04EC0-301F-11D3-BF4B-00C04F79EFBC}") = "TMS", "TMS\TMS.csproj", "{FFC9F208-2322-473F-827E-B4178BE5B211}"
	ProjectSection(WebsiteProperties) = preProject
		Debug.AspNetCompiler.Debug = "True"
		Release.AspNetCompiler.Debug = "False"
	EndProjectSection
EndProject
Global
	GlobalSection(SolutionConfigurationPlatforms) = preSolution
		Debug|Any CPU = Debug|Any CPU
		Release|Any CPU = Release|Any CPU
	EndGlobalSection
	GlobalSection(ProjectConfigurationPlatforms) = postSolution
		{FFC9F208-2322-473F-827E-B4178BE5B211}.Debug|Any CPU.ActiveCfg = Debug|Any CPU
		{FFC9F208-2322-473F-827E-B4178BE5B211}.Debug|Any CPU.Build.0 = Debug|Any CPU
		{FFC9F208-2322-473F-827E-B4178BE5B211}.Release|Any CPU.ActiveCfg = Release|Any CPU
		{FFC9F208-2322-473F-827E-B4178BE5B211}.Release|Any CPU.Build.0 = Release|Any CPU
	EndGlobalSection
	GlobalSection(SolutionProperties) = preSolution
		HideSolutionNode = FALSE
	EndGlobalSection
EndGlobal
